// !$*UTF8*$!
{
	archiveVersion = 1;
	classes = {
	};
	objectVersion = 46;
	objects = {

/* Begin PBXBuildFile section */
		C2E47B2C1B4A243D0050403A /* main.m in Sources */ = {isa = PBXBuildFile; fileRef = C2E47B2B1B4A243D0050403A /* main.m */; };
		C2E47B2F1B4A243D0050403A /* AppDelegate.m in Sources */ = {isa = PBXBuildFile; fileRef = C2E47B2E1B4A243D0050403A /* AppDelegate.m */; };
		C2E47B321B4A243D0050403A /* ViewController.m in Sources */ = {isa = PBXBuildFile; fileRef = C2E47B311B4A243D0050403A /* ViewController.m */; };
		C2E47B351B4A243D0050403A /* Main.storyboard in Resources */ = {isa = PBXBuildFile; fileRef = C2E47B331B4A243D0050403A /* Main.storyboard */; };
		C2E47B371B4A243D0050403A /* Images.xcassets in Resources */ = {isa = PBXBuildFile; fileRef = C2E47B361B4A243D0050403A /* Images.xcassets */; };
		C2E47B3A1B4A243D0050403A /* LaunchScreen.xib in Resources */ = {isa = PBXBuildFile; fileRef = C2E47B381B4A243D0050403A /* LaunchScreen.xib */; };
		C2E47B461B4A243D0050403A /* IessonUI21day__collextionViewTests.m in Sources */ = {isa = PBXBuildFile; fileRef = C2E47B451B4A243D0050403A /* IessonUI21day__collextionViewTests.m */; };
		C2E47B4F1B4A292B0050403A /* ViewController.m in Sources */ = {isa = PBXBuildFile; fileRef = C2E47B311B4A243D0050403A /* ViewController.m */; };
		C2E47B521B4A33780050403A /* PicCollectionViewCell.m in Sources */ = {isa = PBXBuildFile; fileRef = C2E47B511B4A33780050403A /* PicCollectionViewCell.m */; };
		C2E47B811B4A5D0D0050403A /* Data.json in Resources */ = {isa = PBXBuildFile; fileRef = C2E47B5E1B4A5D0C0050403A /* Data.json */; };
		C2E47B821B4A5D0D0050403A /* MKAnnotationView+WebCache.m in Sources */ = {isa = PBXBuildFile; fileRef = C2E47B611B4A5D0C0050403A /* MKAnnotationView+WebCache.m */; };
		C2E47B831B4A5D0D0050403A /* NSData+ImageContentType.m in Sources */ = {isa = PBXBuildFile; fileRef = C2E47B631B4A5D0C0050403A /* NSData+ImageContentType.m */; };
		C2E47B841B4A5D0D0050403A /* SDImageCache.m in Sources */ = {isa = PBXBuildFile; fileRef = C2E47B651B4A5D0C0050403A /* SDImageCache.m */; };
		C2E47B851B4A5D0D0050403A /* SDWebImageCompat.m in Sources */ = {isa = PBXBuildFile; fileRef = C2E47B671B4A5D0C0050403A /* SDWebImageCompat.m */; };
		C2E47B861B4A5D0D0050403A /* SDWebImageDecoder.m in Sources */ = {isa = PBXBuildFile; fileRef = C2E47B691B4A5D0D0050403A /* SDWebImageDecoder.m */; };
		C2E47B871B4A5D0D0050403A /* SDWebImageDownloader.m in Sources */ = {isa = PBXBuildFile; fileRef = C2E47B6B1B4A5D0D0050403A /* SDWebImageDownloader.m */; };
		C2E47B881B4A5D0D0050403A /* SDWebImageDownloaderOperation.m in Sources */ = {isa = PBXBuildFile; fileRef = C2E47B6D1B4A5D0D0050403A /* SDWebImageDownloaderOperation.m */; };
		C2E47B891B4A5D0D0050403A /* SDWebImageManager.m in Sources */ = {isa = PBXBuildFile; fileRef = C2E47B6F1B4A5D0D0050403A /* SDWebImageManager.m */; };
		C2E47B8A1B4A5D0D0050403A /* SDWebImagePrefetcher.m in Sources */ = {isa = PBXBuildFile; fileRef = C2E47B721B4A5D0D0050403A /* SDWebImagePrefetcher.m */; };
		C2E47B8B1B4A5D0D0050403A /* UIButton+WebCache.m in Sources */ = {isa = PBXBuildFile; fileRef = C2E47B741B4A5D0D0050403A /* UIButton+WebCache.m */; };
		C2E47B8C1B4A5D0D0050403A /* UIImage+GIF.m in Sources */ = {isa = PBXBuildFile; fileRef = C2E47B761B4A5D0D0050403A /* UIImage+GIF.m */; };
		C2E47B8D1B4A5D0D0050403A /* UIImage+MultiFormat.m in Sources */ = {isa = PBXBuildFile; fileRef = C2E47B781B4A5D0D0050403A /* UIImage+MultiFormat.m */; };
		C2E47B8E1B4A5D0D0050403A /* UIImage+WebP.m in Sources */ = {isa = PBXBuildFile; fileRef = C2E47B7A1B4A5D0D0050403A /* UIImage+WebP.m */; };
		C2E47B8F1B4A5D0D0050403A /* UIImageView+HighlightedWebCache.m in Sources */ = {isa = PBXBuildFile; fileRef = C2E47B7C1B4A5D0D0050403A /* UIImageView+HighlightedWebCache.m */; };
		C2E47B901B4A5D0D0050403A /* UIImageView+WebCache.m in Sources */ = {isa = PBXBuildFile; fileRef = C2E47B7E1B4A5D0D0050403A /* UIImageView+WebCache.m */; };
		C2E47B911B4A5D0D0050403A /* UIView+WebCacheOperation.m in Sources */ = {isa = PBXBuildFile; fileRef = C2E47B801B4A5D0D0050403A /* UIView+WebCacheOperation.m */; };
/* End PBXBuildFile section */

/* Begin PBXContainerItemProxy section */
		C2E47B401B4A243D0050403A /* PBXContainerItemProxy */ = {
			isa = PBXContainerItemProxy;
			containerPortal = C2E47B1E1B4A243D0050403A /* Project object */;
			proxyType = 1;
			remoteGlobalIDString = C2E47B251B4A243D0050403A;
			remoteInfo = "IessonUI21day  collextionView";
		};
/* End PBXContainerItemProxy section */

/* Begin PBXFileReference section */
		C2E47B261B4A243D0050403A /* IessonUI21day  collextionView.app */ = {isa = PBXFileReference; explicitFileType = wrapper.application; includeInIndex = 0; path = "IessonUI21day  collextionView.app"; sourceTree = BUILT_PRODUCTS_DIR; };
		C2E47B2A1B4A243D0050403A /* Info.plist */ = {isa = PBXFileReference; lastKnownFileType = text.plist.xml; path = Info.plist; sourceTree = "<group>"; };
		C2E47B2B1B4A243D0050403A /* main.m */ = {isa = PBXFileReference; lastKnownFileType = sourcecode.c.objc; path = main.m; sourceTree = "<group>"; };
		C2E47B2D1B4A243D0050403A /* AppDelegate.h */ = {isa = PBXFileReference; lastKnownFileType = sourcecode.c.h; name = AppDelegate.h; path = "../IessonUI21day  collextionView/AppDelegate.h"; sourceTree = "<group>"; };
		C2E47B2E1B4A243D0050403A /* AppDelegate.m */ = {isa = PBXFileReference; lastKnownFileType = sourcecode.c.objc; name = AppDelegate.m; path = "../IessonUI21day  collextionView/AppDelegate.m"; sourceTree = "<group>"; };
		C2E47B301B4A243D0050403A /* ViewController.h */ = {isa = PBXFileReference; lastKnownFileType = sourcecode.c.h; path = ViewController.h; sourceTree = "<group>"; };
		C2E47B311B4A243D0050403A /* ViewController.m */ = {isa = PBXFileReference; lastKnownFileType = sourcecode.c.objc; path = ViewController.m; sourceTree = "<group>"; };
		C2E47B341B4A243D0050403A /* Base */ = {isa = PBXFileReference; lastKnownFileType = file.storyboard; name = Base; path = Base.lproj/Main.storyboard; sourceTree = "<group>"; };
		C2E47B361B4A243D0050403A /* Images.xcassets */ = {isa = PBXFileReference; lastKnownFileType = folder.assetcatalog; path = Images.xcassets; sourceTree = "<group>"; };
		C2E47B391B4A243D0050403A /* Base */ = {isa = PBXFileReference; lastKnownFileType = file.xib; name = Base; path = Base.lproj/LaunchScreen.xib; sourceTree = "<group>"; };
		C2E47B3F1B4A243D0050403A /* IessonUI21day  collextionViewTests.xctest */ = {isa = PBXFileReference; explicitFileType = wrapper.cfbundle; includeInIndex = 0; path = "IessonUI21day  collextionViewTests.xctest"; sourceTree = BUILT_PRODUCTS_DIR; };
		C2E47B441B4A243D0050403A /* Info.plist */ = {isa = PBXFileReference; lastKnownFileType = text.plist.xml; path = Info.plist; sourceTree = "<group>"; };
		C2E47B451B4A243D0050403A /* IessonUI21day__collextionViewTests.m */ = {isa = PBXFileReference; lastKnownFileType = sourcecode.c.objc; path = IessonUI21day__collextionViewTests.m; sourceTree = "<group>"; };
		C2E47B501B4A33780050403A /* PicCollectionViewCell.h */ = {isa = PBXFileReference; fileEncoding = 4; lastKnownFileType = sourcecode.c.h; path = PicCollectionViewCell.h; sourceTree = "<group>"; };
		C2E47B511B4A33780050403A /* PicCollectionViewCell.m */ = {isa = PBXFileReference; fileEncoding = 4; lastKnownFileType = sourcecode.c.objc; path = PicCollectionViewCell.m; sourceTree = "<group>"; };
		C2E47B5E1B4A5D0C0050403A /* Data.json */ = {isa = PBXFileReference; fileEncoding = 4; lastKnownFileType = text.json; path = Data.json; sourceTree = "<group>"; };
		C2E47B601B4A5D0C0050403A /* MKAnnotationView+WebCache.h */ = {isa = PBXFileReference; fileEncoding = 4; lastKnownFileType = sourcecode.c.h; path = "MKAnnotationView+WebCache.h"; sourceTree = "<group>"; };
		C2E47B611B4A5D0C0050403A /* MKAnnotationView+WebCache.m */ = {isa = PBXFileReference; fileEncoding = 4; lastKnownFileType = sourcecode.c.objc; path = "MKAnnotationView+WebCache.m"; sourceTree = "<group>"; };
		C2E47B621B4A5D0C0050403A /* NSData+ImageContentType.h */ = {isa = PBXFileReference; fileEncoding = 4; lastKnownFileType = sourcecode.c.h; path = "NSData+ImageContentType.h"; sourceTree = "<group>"; };
		C2E47B631B4A5D0C0050403A /* NSData+ImageContentType.m */ = {isa = PBXFileReference; fileEncoding = 4; lastKnownFileType = sourcecode.c.objc; path = "NSData+ImageContentType.m"; sourceTree = "<group>"; };
		C2E47B641B4A5D0C0050403A /* SDImageCache.h */ = {isa = PBXFileReference; fileEncoding = 4; lastKnownFileType = sourcecode.c.h; path = SDImageCache.h; sourceTree = "<group>"; };
		C2E47B651B4A5D0C0050403A /* SDImageCache.m */ = {isa = PBXFileReference; fileEncoding = 4; lastKnownFileType = sourcecode.c.objc; path = SDImageCache.m; sourceTree = "<group>"; };
		C2E47B661B4A5D0C0050403A /* SDWebImageCompat.h */ = {isa = PBXFileReference; fileEncoding = 4; lastKnownFileType = sourcecode.c.h; path = SDWebImageCompat.h; sourceTree = "<group>"; };
		C2E47B671B4A5D0C0050403A /* SDWebImageCompat.m */ = {isa = PBXFileReference; fileEncoding = 4; lastKnownFileType = sourcecode.c.objc; path = SDWebImageCompat.m; sourceTree = "<group>"; };
		C2E47B681B4A5D0C0050403A /* SDWebImageDecoder.h */ = {isa = PBXFileReference; fileEncoding = 4; lastKnownFileType = sourcecode.c.h; path = SDWebImageDecoder.h; sourceTree = "<group>"; };
		C2E47B691B4A5D0D0050403A /* SDWebImageDecoder.m */ = {isa = PBXFileReference; fileEncoding = 4; lastKnownFileType = sourcecode.c.objc; path = SDWebImageDecoder.m; sourceTree = "<group>"; };
		C2E47B6A1B4A5D0D0050403A /* SDWebImageDownloader.h */ = {isa = PBXFileReference; fileEncoding = 4; lastKnownFileType = sourcecode.c.h; path = SDWebImageDownloader.h; sourceTree = "<group>"; };
		C2E47B6B1B4A5D0D0050403A /* SDWebImageDownloader.m */ = {isa = PBXFileReference; fileEncoding = 4; lastKnownFileType = sourcecode.c.objc; path = SDWebImageDownloader.m; sourceTree = "<group>"; };
		C2E47B6C1B4A5D0D0050403A /* SDWebImageDownloaderOperation.h */ = {isa = PBXFileReference; fileEncoding = 4; lastKnownFileType = sourcecode.c.h; path = SDWebImageDownloaderOperation.h; sourceTree = "<group>"; };
		C2E47B6D1B4A5D0D0050403A /* SDWebImageDownloaderOperation.m */ = {isa = PBXFileReference; fileEncoding = 4; lastKnownFileType = sourcecode.c.objc; path = SDWebImageDownloaderOperation.m; sourceTree = "<group>"; };
		C2E47B6E1B4A5D0D0050403A /* SDWebImageManager.h */ = {isa = PBXFileReference; fileEncoding = 4; lastKnownFileType = sourcecode.c.h; path = SDWebImageManager.h; sourceTree = "<group>"; };
		C2E47B6F1B4A5D0D0050403A /* SDWebImageManager.m */ = {isa = PBXFileReference; fileEncoding = 4; lastKnownFileType = sourcecode.c.objc; path = SDWebImageManager.m; sourceTree = "<group>"; };
		C2E47B701B4A5D0D0050403A /* SDWebImageOperation.h */ = {isa = PBXFileReference; fileEncoding = 4; lastKnownFileType = sourcecode.c.h; path = SDWebImageOperation.h; sourceTree = "<group>"; };
		C2E47B711B4A5D0D0050403A /* SDWebImagePrefetcher.h */ = {isa = PBXFileReference; fileEncoding = 4; lastKnownFileType = sourcecode.c.h; path = SDWebImagePrefetcher.h; sourceTree = "<group>"; };
		C2E47B721B4A5D0D0050403A /* SDWebImagePrefetcher.m */ = {isa = PBXFileReference; fileEncoding = 4; lastKnownFileType = sourcecode.c.objc; path = SDWebImagePrefetcher.m; sourceTree = "<group>"; };
		C2E47B731B4A5D0D0050403A /* UIButton+WebCache.h */ = {isa = PBXFileReference; fileEncoding = 4; lastKnownFileType = sourcecode.c.h; path = "UIButton+WebCache.h"; sourceTree = "<group>"; };
		C2E47B741B4A5D0D0050403A /* UIButton+WebCache.m */ = {isa = PBXFileReference; fileEncoding = 4; lastKnownFileType = sourcecode.c.objc; path = "UIButton+WebCache.m"; sourceTree = "<group>"; };
		C2E47B751B4A5D0D0050403A /* UIImage+GIF.h */ = {isa = PBXFileReference; fileEncoding = 4; lastKnownFileType = sourcecode.c.h; path = "UIImage+GIF.h"; sourceTree = "<group>"; };
		C2E47B761B4A5D0D0050403A /* UIImage+GIF.m */ = {isa = PBXFileReference; fileEncoding = 4; lastKnownFileType = sourcecode.c.objc; path = "UIImage+GIF.m"; sourceTree = "<group>"; };
		C2E47B771B4A5D0D0050403A /* UIImage+MultiFormat.h */ = {isa = PBXFileReference; fileEncoding = 4; lastKnownFileType = sourcecode.c.h; path = "UIImage+MultiFormat.h"; sourceTree = "<group>"; };
		C2E47B781B4A5D0D0050403A /* UIImage+MultiFormat.m */ = {isa = PBXFileReference; fileEncoding = 4; lastKnownFileType = sourcecode.c.objc; path = "UIImage+MultiFormat.m"; sourceTree = "<group>"; };
		C2E47B791B4A5D0D0050403A /* UIImage+WebP.h */ = {isa = PBXFileReference; fileEncoding = 4; lastKnownFileType = sourcecode.c.h; path = "UIImage+WebP.h"; sourceTree = "<group>"; };
		C2E47B7A1B4A5D0D0050403A /* UIImage+WebP.m */ = {isa = PBXFileReference; fileEncoding = 4; lastKnownFileType = sourcecode.c.objc; path = "UIImage+WebP.m"; sourceTree = "<group>"; };
		C2E47B7B1B4A5D0D0050403A /* UIImageView+HighlightedWebCache.h */ = {isa = PBXFileReference; fileEncoding = 4; lastKnownFileType = sourcecode.c.h; path = "UIImageView+HighlightedWebCache.h"; sourceTree = "<group>"; };
		C2E47B7C1B4A5D0D0050403A /* UIImageView+HighlightedWebCache.m */ = {isa = PBXFileReference; fileEncoding = 4; lastKnownFileType = sourcecode.c.objc; path = "UIImageView+HighlightedWebCache.m"; sourceTree = "<group>"; };
		C2E47B7D1B4A5D0D0050403A /* UIImageView+WebCache.h */ = {isa = PBXFileReference; fileEncoding = 4; lastKnownFileType = sourcecode.c.h; path = "UIImageView+WebCache.h"; sourceTree = "<group>"; };
		C2E47B7E1B4A5D0D0050403A /* UIImageView+WebCache.m */ = {isa = PBXFileReference; fileEncoding = 4; lastKnownFileType = sourcecode.c.objc; path = "UIImageView+WebCache.m"; sourceTree = "<group>"; };
		C2E47B7F1B4A5D0D0050403A /* UIView+WebCacheOperation.h */ = {isa = PBXFileReference; fileEncoding = 4; lastKnownFileType = sourcecode.c.h; path = "UIView+WebCacheOperation.h"; sourceTree = "<group>"; };
		C2E47B801B4A5D0D0050403A /* UIView+WebCacheOperation.m */ = {isa = PBXFileReference; fileEncoding = 4; lastKnownFileType = sourcecode.c.objc; path = "UIView+WebCacheOperation.m"; sourceTree = "<group>"; };
/* End PBXFileReference section */

/* Begin PBXFrameworksBuildPhase section */
		C2E47B231B4A243D0050403A /* Frameworks */ = {
			isa = PBXFrameworksBuildPhase;
			buildActionMask = 2147483647;
			files = (
			);
			runOnlyForDeploymentPostprocessing = 0;
		};
		C2E47B3C1B4A243D0050403A /* Frameworks */ = {
			isa = PBXFrameworksBuildPhase;
			buildActionMask = 2147483647;
			files = (
			);
			runOnlyForDeploymentPostprocessing = 0;
		};
/* End PBXFrameworksBuildPhase section */

/* Begin PBXGroup section */
		C2E47B1D1B4A243D0050403A = {
			isa = PBXGroup;
			children = (
				C2E47B281B4A243D0050403A /* collextionView */,
				C2E47B421B4A243D0050403A /* collextionViewTests */,
				C2E47B271B4A243D0050403A /* Products */,
			);
			sourceTree = "<group>";
		};
		C2E47B271B4A243D0050403A /* Products */ = {
			isa = PBXGroup;
			children = (
				C2E47B261B4A243D0050403A /* IessonUI21day  collextionView.app */,
				C2E47B3F1B4A243D0050403A /* IessonUI21day  collextionViewTests.xctest */,
			);
			name = Products;
			sourceTree = "<group>";
		};
		C2E47B281B4A243D0050403A /* collextionView */ = {
			isa = PBXGroup;
			children = (
				C2E47B5D1B4A5D0C0050403A /* resouce */,
				C2E47B301B4A243D0050403A /* ViewController.h */,
				C2E47B311B4A243D0050403A /* ViewController.m */,
				C2E47B501B4A33780050403A /* PicCollectionViewCell.h */,
				C2E47B511B4A33780050403A /* PicCollectionViewCell.m */,
			);
			name = collextionView;
			path = "IessonUI21day  collextionView";
			sourceTree = "<group>";
		};
		C2E47B291B4A243D0050403A /* Supporting Files */ = {
			isa = PBXGroup;
			children = (
				C2E47B331B4A243D0050403A /* Main.storyboard */,
				C2E47B361B4A243D0050403A /* Images.xcassets */,
				C2E47B381B4A243D0050403A /* LaunchScreen.xib */,
				C2E47B2A1B4A243D0050403A /* Info.plist */,
				C2E47B2B1B4A243D0050403A /* main.m */,
			);
			name = "Supporting Files";
			path = "../IessonUI21day  collextionView";
			sourceTree = "<group>";
		};
		C2E47B421B4A243D0050403A /* collextionViewTests */ = {
			isa = PBXGroup;
			children = (
				C2E47B2D1B4A243D0050403A /* AppDelegate.h */,
				C2E47B2E1B4A243D0050403A /* AppDelegate.m */,
				C2E47B291B4A243D0050403A /* Supporting Files */,
				C2E47B451B4A243D0050403A /* IessonUI21day__collextionViewTests.m */,
				C2E47B431B4A243D0050403A /* Supporting Files */,
			);
			name = collextionViewTests;
			path = "IessonUI21day  collextionViewTests";
			sourceTree = "<group>";
		};
		C2E47B431B4A243D0050403A /* Supporting Files */ = {
			isa = PBXGroup;
			children = (
				C2E47B441B4A243D0050403A /* Info.plist */,
			);
			name = "Supporting Files";
			sourceTree = "<group>";
		};
		C2E47B5D1B4A5D0C0050403A /* resouce */ = {
			isa = PBXGroup;
			children = (
				C2E47B5E1B4A5D0C0050403A /* Data.json */,
				C2E47B5F1B4A5D0C0050403A /* SDWebImage */,
			);
			path = resouce;
			sourceTree = "<group>";
		};
		C2E47B5F1B4A5D0C0050403A /* SDWebImage */ = {
			isa = PBXGroup;
			children = (
				C2E47B601B4A5D0C0050403A /* MKAnnotationView+WebCache.h */,
				C2E47B611B4A5D0C0050403A /* MKAnnotationView+WebCache.m */,
				C2E47B621B4A5D0C0050403A /* NSData+ImageContentType.h */,
				C2E47B631B4A5D0C0050403A /* NSData+ImageContentType.m */,
				C2E47B641B4A5D0C0050403A /* SDImageCache.h */,
				C2E47B651B4A5D0C0050403A /* SDImageCache.m */,
				C2E47B661B4A5D0C0050403A /* SDWebImageCompat.h */,
				C2E47B671B4A5D0C0050403A /* SDWebImageCompat.m */,
				C2E47B681B4A5D0C0050403A /* SDWebImageDecoder.h */,
				C2E47B691B4A5D0D0050403A /* SDWebImageDecoder.m */,
				C2E47B6A1B4A5D0D0050403A /* SDWebImageDownloader.h */,
				C2E47B6B1B4A5D0D0050403A /* SDWebImageDownloader.m */,
				C2E47B6C1B4A5D0D0050403A /* SDWebImageDownloaderOperation.h */,
				C2E47B6D1B4A5D0D0050403A /* SDWebImageDownloaderOperation.m */,
				C2E47B6E1B4A5D0D0050403A /* SDWebImageManager.h */,
				C2E47B6F1B4A5D0D0050403A /* SDWebImageManager.m */,
				C2E47B701B4A5D0D0050403A /* SDWebImageOperation.h */,
				C2E47B711B4A5D0D0050403A /* SDWebImagePrefetcher.h */,
				C2E47B721B4A5D0D0050403A /* SDWebImagePrefetcher.m */,
				C2E47B731B4A5D0D0050403A /* UIButton+WebCache.h */,
				C2E47B741B4A5D0D0050403A /* UIButton+WebCache.m */,
				C2E47B751B4A5D0D0050403A /* UIImage+GIF.h */,
				C2E47B761B4A5D0D0050403A /* UIImage+GIF.m */,
				C2E47B771B4A5D0D0050403A /* UIImage+MultiFormat.h */,
				C2E47B781B4A5D0D0050403A /* UIImage+MultiFormat.m */,
				C2E47B791B4A5D0D0050403A /* UIImage+WebP.h */,
				C2E47B7A1B4A5D0D0050403A /* UIImage+WebP.m */,
				C2E47B7B1B4A5D0D0050403A /* UIImageView+HighlightedWebCache.h */,
				C2E47B7C1B4A5D0D0050403A /* UIImageView+HighlightedWebCache.m */,
				C2E47B7D1B4A5D0D0050403A /* UIImageView+WebCache.h */,
				C2E47B7E1B4A5D0D0050403A /* UIImageView+WebCache.m */,
				C2E47B7F1B4A5D0D0050403A /* UIView+WebCacheOperation.h */,
				C2E47B801B4A5D0D0050403A /* UIView+WebCacheOperation.m */,
			);
			path = SDWebImage;
			sourceTree = "<group>";
		};
/* End PBXGroup section */

/* Begin PBXNativeTarget section */
		C2E47B251B4A243D0050403A /* IessonUI21day  collextionView */ = {
			isa = PBXNativeTarget;
			buildConfigurationList = C2E47B491B4A243D0050403A /* Build configuration list for PBXNativeTarget "IessonUI21day  collextionView" */;
			buildPhases = (
				C2E47B221B4A243D0050403A /* Sources */,
				C2E47B231B4A243D0050403A /* Frameworks */,
				C2E47B241B4A243D0050403A /* Resources */,
			);
			buildRules = (
			);
			dependencies = (
			);
			name = "IessonUI21day  collextionView";
			productName = "IessonUI21day  collextionView";
			productReference = C2E47B261B4A243D0050403A /* IessonUI21day  collextionView.app */;
			productType = "com.apple.product-type.application";
		};
		C2E47B3E1B4A243D0050403A /* IessonUI21day  collextionViewTests */ = {
			isa = PBXNativeTarget;
			buildConfigurationList = C2E47B4C1B4A243D0050403A /* Build configuration list for PBXNativeTarget "IessonUI21day  collextionViewTests" */;
			buildPhases = (
				C2E47B3B1B4A243D0050403A /* Sources */,
				C2E47B3C1B4A243D0050403A /* Frameworks */,
				C2E47B3D1B4A243D0050403A /* Resources */,
			);
			buildRules = (
			);
			dependencies = (
				C2E47B411B4A243D0050403A /* PBXTargetDependency */,
			);
			name = "IessonUI21day  collextionViewTests";
			productName = "IessonUI21day  collextionViewTests";
			productReference = C2E47B3F1B4A243D0050403A /* IessonUI21day  collextionViewTests.xctest */;
			productType = "com.apple.product-type.bundle.unit-test";
		};
/* End PBXNativeTarget section */

/* Begin PBXProject section */
		C2E47B1E1B4A243D0050403A /* Project object */ = {
			isa = PBXProject;
			attributes = {
				LastUpgradeCheck = 0600;
				ORGANIZATIONNAME = lanou3g;
				TargetAttributes = {
					C2E47B251B4A243D0050403A = {
						CreatedOnToolsVersion = 6.0.1;
					};
					C2E47B3E1B4A243D0050403A = {
						CreatedOnToolsVersion = 6.0.1;
						TestTargetID = C2E47B251B4A243D0050403A;
					};
				};
			};
			buildConfigurationList = C2E47B211B4A243D0050403A /* Build configuration list for PBXProject "IessonUI21day  collextionView" */;
			compatibilityVersion = "Xcode 3.2";
			developmentRegion = English;
			hasScannedForEncodings = 0;
			knownRegions = (
				en,
				Base,
			);
			mainGroup = C2E47B1D1B4A243D0050403A;
			productRefGroup = C2E47B271B4A243D0050403A /* Products */;
			projectDirPath = "";
			projectRoot = "";
			targets = (
				C2E47B251B4A243D0050403A /* IessonUI21day  collextionView */,
				C2E47B3E1B4A243D0050403A /* IessonUI21day  collextionViewTests */,
			);
		};
/* End PBXProject section */

/* Begin PBXResourcesBuildPhase section */
		C2E47B241B4A243D0050403A /* Resources */ = {
			isa = PBXResourcesBuildPhase;
			buildActionMask = 2147483647;
			files = (
				C2E47B351B4A243D0050403A /* Main.storyboard in Resources */,
				C2E47B3A1B4A243D0050403A /* LaunchScreen.xib in Resources */,
				C2E47B371B4A243D0050403A /* Images.xcassets in Resources */,
				C2E47B811B4A5D0D0050403A /* Data.json in Resources */,
			);
			runOnlyForDeploymentPostprocessing = 0;
		};
		C2E47B3D1B4A243D0050403A /* Resources */ = {
			isa = PBXResourcesBuildPhase;
			buildActionMask = 2147483647;
			files = (
			);
			runOnlyForDeploymentPostprocessing = 0;
		};
/* End PBXResourcesBuildPhase section */

/* Begin PBXSourcesBuildPhase section */
		C2E47B221B4A243D0050403A /* Sources */ = {
			isa = PBXSourcesBuildPhase;
			buildActionMask = 2147483647;
			files = (
				C2E47B8F1B4A5D0D0050403A /* UIImageView+HighlightedWebCache.m in Sources */,
				C2E47B8D1B4A5D0D0050403A /* UIImage+MultiFormat.m in Sources */,
				C2E47B881B4A5D0D0050403A /* SDWebImageDownloaderOperation.m in Sources */,
				C2E47B321B4A243D0050403A /* ViewController.m in Sources */,
				C2E47B851B4A5D0D0050403A /* SDWebImageCompat.m in Sources */,
				C2E47B8C1B4A5D0D0050403A /* UIImage+GIF.m in Sources */,
				C2E47B8A1B4A5D0D0050403A /* SDWebImagePrefetcher.m in Sources */,
				C2E47B521B4A33780050403A /* PicCollectionViewCell.m in Sources */,
				C2E47B2F1B4A243D0050403A /* AppDelegate.m in Sources */,
				C2E47B8E1B4A5D0D0050403A /* UIImage+WebP.m in Sources */,
				C2E47B901B4A5D0D0050403A /* UIImageView+WebCache.m in Sources */,
				C2E47B871B4A5D0D0050403A /* SDWebImageDownloader.m in Sources */,
				C2E47B911B4A5D0D0050403A /* UIView+WebCacheOperation.m in Sources */,
				C2E47B8B1B4A5D0D0050403A /* UIButton+WebCache.m in Sources */,
				C2E47B821B4A5D0D0050403A /* MKAnnotationView+WebCache.m in Sources */,
				C2E47B831B4A5D0D0050403A /* NSData+ImageContentType.m in Sources */,
				C2E47B2C1B4A243D0050403A /* main.m in Sources */,
				C2E47B891B4A5D0D0050403A /* SDWebImageManager.m in Sources */,
				C2E47B861B4A5D0D0050403A /* SDWebImageDecoder.m in Sources */,
				C2E47B841B4A5D0D0050403A /* SDImageCache.m in Sources */,
			);
			runOnlyForDeploymentPostprocessing = 0;
		};
		C2E47B3B1B4A243D0050403A /* Sources */ = {
			isa = PBXSourcesBuildPhase;
			buildActionMask = 2147483647;
			files = (
				C2E47B4F1B4A292B0050403A /* ViewController.m in Sources */,
				C2E47B461B4A243D0050403A /* IessonUI21day__collextionViewTests.m in Sources */,
			);
			runOnlyForDeploymentPostprocessing = 0;
		};
/* End PBXSourcesBuildPhase section */

/* Begin PBXTargetDependency section */
		C2E47B411B4A243D0050403A /* PBXTargetDependency */ = {
			isa = PBXTargetDependency;
			target = C2E47B251B4A243D0050403A /* IessonUI21day  collextionView */;
			targetProxy = C2E47B401B4A243D0050403A /* PBXContainerItemProxy */;
		};
/* End PBXTargetDependency section */

/* Begin PBXVariantGroup section */
		C2E47B331B4A243D0050403A /* Main.storyboard */ = {
			isa = PBXVariantGroup;
			children = (
				C2E47B341B4A243D0050403A /* Base */,
			);
			name = Main.storyboard;
			sourceTree = "<group>";
		};
		C2E47B381B4A243D0050403A /* LaunchScreen.xib */ = {
			isa = PBXVariantGroup;
			children = (
				C2E47B391B4A243D0050403A /* Base */,
			);
			name = LaunchScreen.xib;
			sourceTree = "<group>";
		};
/* End PBXVariantGroup section */

/* Begin XCBuildConfiguration section */
		C2E47B471B4A243D0050403A /* Debug */ = {
			isa = XCBuildConfiguration;
			buildSettings = {
				ALWAYS_SEARCH_USER_PATHS = NO;
				CLANG_CXX_LANGUAGE_STANDARD = "gnu++0x";
				CLANG_CXX_LIBRARY = "libc++";
				CLANG_ENABLE_MODULES = YES;
				CLANG_ENABLE_OBJC_ARC = YES;
				CLANG_WARN_BOOL_CONVERSION = YES;
				CLANG_WARN_CONSTANT_CONVERSION = YES;
				CLANG_WARN_DIRECT_OBJC_ISA_USAGE = YES_ERROR;
				CLANG_WARN_EMPTY_BODY = YES;
				CLANG_WARN_ENUM_CONVERSION = YES;
				CLANG_WARN_INT_CONVERSION = YES;
				CLANG_WARN_OBJC_ROOT_CLASS = YES_ERROR;
				CLANG_WARN_UNREACHABLE_CODE = YES;
				CLANG_WARN__DUPLICATE_METHOD_MATCH = YES;
				"CODE_SIGN_IDENTITY[sdk=iphoneos*]" = "iPhone Developer";
				COPY_PHASE_STRIP = NO;
				ENABLE_STRICT_OBJC_MSGSEND = YES;
				GCC_C_LANGUAGE_STANDARD = gnu99;
				GCC_DYNAMIC_NO_PIC = NO;
				GCC_OPTIMIZATION_LEVEL = 0;
				GCC_PREPROCESSOR_DEFINITIONS = (
					"DEBUG=1",
					"$(inherited)",
				);
				GCC_SYMBOLS_PRIVATE_EXTERN = NO;
				GCC_WARN_64_TO_32_BIT_CONVERSION = YES;
				GCC_WARN_ABOUT_RETURN_TYPE = YES_ERROR;
				GCC_WARN_UNDECLARED_SELECTOR = YES;
				GCC_WARN_UNINITIALIZED_AUTOS = YES_AGGRESSIVE;
				GCC_WARN_UNUSED_FUNCTION = YES;
				GCC_WARN_UNUSED_VARIABLE = YES;
				IPHONEOS_DEPLOYMENT_TARGET = 8.0;
				MTL_ENABLE_DEBUG_INFO = YES;
				ONLY_ACTIVE_ARCH = YES;
				SDKROOT = iphoneos;
				TARGETED_DEVICE_FAMILY = "1,2";
			};
			name = Debug;
		};
		C2E47B481B4A243D0050403A /* Release */ = {
			isa = XCBuildConfiguration;
			buildSettings = {
				ALWAYS_SEARCH_USER_PATHS = NO;
				CLANG_CXX_LANGUAGE_STANDARD = "gnu++0x";
				CLANG_CXX_LIBRARY = "libc++";
				CLANG_ENABLE_MODULES = YES;
				CLANG_ENABLE_OBJC_ARC = YES;
				CLANG_WARN_BOOL_CONVERSION = YES;
				CLANG_WARN_CONSTANT_CONVERSION = YES;
				CLANG_WARN_DIRECT_OBJC_ISA_USAGE = YES_ERROR;
				CLANG_WARN_EMPTY_BODY = YES;
				CLANG_WARN_ENUM_CONVERSION = YES;
				CLANG_WARN_INT_CONVERSION = YES;
				CLANG_WARN_OBJC_ROOT_CLASS = YES_ERROR;
				CLANG_WARN_UNREACHABLE_CODE = YES;
				CLANG_WARN__DUPLICATE_METHOD_MATCH = YES;
				"CODE_SIGN_IDENTITY[sdk=iphoneos*]" = "iPhone Developer";
				COPY_PHASE_STRIP = YES;
				ENABLE_NS_ASSERTIONS = NO;
				ENABLE_STRICT_OBJC_MSGSEND = YES;
				GCC_C_LANGUAGE_STANDARD = gnu99;
				GCC_WARN_64_TO_32_BIT_CONVERSION = YES;
				GCC_WARN_ABOUT_RETURN_TYPE = YES_ERROR;
				GCC_WARN_UNDECLARED_SELECTOR = YES;
				GCC_WARN_UNINITIALIZED_AUTOS = YES_AGGRESSIVE;
				GCC_WARN_UNUSED_FUNCTION = YES;
				GCC_WARN_UNUSED_VARIABLE = YES;
				IPHONEOS_DEPLOYMENT_TARGET = 8.0;
				MTL_ENABLE_DEBUG_INFO = NO;
				SDKROOT = iphoneos;
				TARGETED_DEVICE_FAMILY = "1,2";
				VALIDATE_PRODUCT = YES;
			};
			name = Release;
		};
		C2E47B4A1B4A243D0050403A /* Debug */ = {
			isa = XCBuildConfiguration;
			buildSettings = {
				ASSETCATALOG_COMPILER_APPICON_NAME = AppIcon;
				INFOPLIST_FILE = "IessonUI21day  collextionView/Info.plist";
				LD_RUNPATH_SEARCH_PATHS = "$(inherited) @executable_path/Frameworks";
				PRODUCT_NAME = "$(TARGET_NAME)";
			};
			name = Debug;
		};
		C2E47B4B1B4A243D0050403A /* Release */ = {
			isa = XCBuildConfiguration;
			buildSettings = {
				ASSETCATALOG_COMPILER_APPICON_NAME = AppIcon;
				INFOPLIST_FILE = "IessonUI21day  collextionView/Info.plist";
				LD_RUNPATH_SEARCH_PATHS = "$(inherited) @executable_path/Frameworks";
				PRODUCT_NAME = "$(TARGET_NAME)";
			};
			name = Release;
		};
		C2E47B4D1B4A243D0050403A /* Debug */ = {
			isa = XCBuildConfiguration;
			buildSettings = {
				BUNDLE_LOADER = "$(TEST_HOST)";
				FRAMEWORK_SEARCH_PATHS = (
					"$(SDKROOT)/Developer/Library/Frameworks",
					"$(inherited)",
				);
				GCC_PREPROCESSOR_DEFINITIONS = (
					"DEBUG=1",
					"$(inherited)",
				);
				INFOPLIST_FILE = "IessonUI21day  collextionViewTests/Info.plist";
				LD_RUNPATH_SEARCH_PATHS = "$(inherited) @executable_path/Frameworks @loader_path/Frameworks";
				PRODUCT_NAME = "$(TARGET_NAME)";
				TEST_HOST = "$(BUILT_PRODUCTS_DIR)/IessonUI21day  collextionView.app/IessonUI21day  collextionView";
			};
			name = Debug;
		};
		C2E47B4E1B4A243D0050403A /* Release */ = {
			isa = XCBuildConfiguration;
			buildSettings = {
				BUNDLE_LOADER = "$(TEST_HOST)";
				FRAMEWORK_SEARCH_PATHS = (
					"$(SDKROOT)/Developer/Library/Frameworks",
					"$(inherited)",
				);
				INFOPLIST_FILE = "IessonUI21day  collextionViewTests/Info.plist";
				LD_RUNPATH_SEARCH_PATHS = "$(inherited) @executable_path/Frameworks @loader_path/Frameworks";
				PRODUCT_NAME = "$(TARGET_NAME)";
				TEST_HOST = "$(BUILT_PRODUCTS_DIR)/IessonUI21day  collextionView.app/IessonUI21day  collextionView";
			};
			name = Release;
		};
/* End XCBuildConfiguration section */

/* Begin XCConfigurationList section */
		C2E47B211B4A243D0050403A /* Build configuration list for PBXProject "IessonUI21day  collextionView" */ = {
			isa = XCConfigurationList;
			buildConfigurations = (
				C2E47B471B4A243D0050403A /* Debug */,
				C2E47B481B4A243D0050403A /* Release */,
			);
			defaultConfigurationIsVisible = 0;
			defaultConfigurationName = Release;
		};
		C2E47B491B4A243D0050403A /* Build configuration list for PBXNativeTarget "IessonUI21day  collextionView" */ = {
			isa = XCConfigurationList;
			buildConfigurations = (
				C2E47B4A1B4A243D0050403A /* Debug */,
				C2E47B4B1B4A243D0050403A /* Release */,
			);
			defaultConfigurationIsVisible = 0;
			defaultConfigurationName = Release;
		};
		C2E47B4C1B4A243D0050403A /* Build configuration list for PBXNativeTarget "IessonUI21day  collextionViewTests" */ = {
			isa = XCConfigurationList;
			buildConfigurations = (
				C2E47B4D1B4A243D0050403A /* Debug */,
				C2E47B4E1B4A243D0050403A /* Release */,
			);
			defaultConfigurationIsVisible = 0;
			defaultConfigurationName = Release;
		};
/* End XCConfigurationList section */
	};
	rootObject = C2E47B1E1B4A243D0050403A /* Project object */;
}
