// !$*UTF8*$!
{
	archiveVersion = 1;
	classes = {
	};
	objectVersion = 46;
	objects = {

/* Begin PBXBuildFile section */
		C20C4E481B610E4C00FDC862 /* main.m in Sources */ = {isa = PBXBuildFile; fileRef = C20C4E471B610E4C00FDC862 /* main.m */; };
		C20C4E4B1B610E4C00FDC862 /* AppDelegate.m in Sources */ = {isa = PBXBuildFile; fileRef = C20C4E4A1B610E4C00FDC862 /* AppDelegate.m */; };
		C20C4E531B610E4C00FDC862 /* Images.xcassets in Resources */ = {isa = PBXBuildFile; fileRef = C20C4E521B610E4C00FDC862 /* Images.xcassets */; };
		C20C4E561B610E4C00FDC862 /* LaunchScreen.xib in Resources */ = {isa = PBXBuildFile; fileRef = C20C4E541B610E4C00FDC862 /* LaunchScreen.xib */; };
		C20C4E621B610E4C00FDC862 /* ___Tests.m in Sources */ = {isa = PBXBuildFile; fileRef = C20C4E611B610E4C00FDC862 /* ___Tests.m */; };
		C20C4E8F1B610E6C00FDC862 /* Data.json in Resources */ = {isa = PBXBuildFile; fileRef = C20C4E6C1B610E6C00FDC862 /* Data.json */; };
		C20C4E901B610E6C00FDC862 /* MKAnnotationView+WebCache.m in Sources */ = {isa = PBXBuildFile; fileRef = C20C4E6F1B610E6C00FDC862 /* MKAnnotationView+WebCache.m */; };
		C20C4E911B610E6C00FDC862 /* NSData+ImageContentType.m in Sources */ = {isa = PBXBuildFile; fileRef = C20C4E711B610E6C00FDC862 /* NSData+ImageContentType.m */; };
		C20C4E921B610E6C00FDC862 /* SDImageCache.m in Sources */ = {isa = PBXBuildFile; fileRef = C20C4E731B610E6C00FDC862 /* SDImageCache.m */; };
		C20C4E931B610E6C00FDC862 /* SDWebImageCompat.m in Sources */ = {isa = PBXBuildFile; fileRef = C20C4E751B610E6C00FDC862 /* SDWebImageCompat.m */; };
		C20C4E941B610E6C00FDC862 /* SDWebImageDecoder.m in Sources */ = {isa = PBXBuildFile; fileRef = C20C4E771B610E6C00FDC862 /* SDWebImageDecoder.m */; };
		C20C4E951B610E6C00FDC862 /* SDWebImageDownloader.m in Sources */ = {isa = PBXBuildFile; fileRef = C20C4E791B610E6C00FDC862 /* SDWebImageDownloader.m */; };
		C20C4E961B610E6C00FDC862 /* SDWebImageDownloaderOperation.m in Sources */ = {isa = PBXBuildFile; fileRef = C20C4E7B1B610E6C00FDC862 /* SDWebImageDownloaderOperation.m */; };
		C20C4E971B610E6C00FDC862 /* SDWebImageManager.m in Sources */ = {isa = PBXBuildFile; fileRef = C20C4E7D1B610E6C00FDC862 /* SDWebImageManager.m */; };
		C20C4E981B610E6C00FDC862 /* SDWebImagePrefetcher.m in Sources */ = {isa = PBXBuildFile; fileRef = C20C4E801B610E6C00FDC862 /* SDWebImagePrefetcher.m */; };
		C20C4E991B610E6C00FDC862 /* UIButton+WebCache.m in Sources */ = {isa = PBXBuildFile; fileRef = C20C4E821B610E6C00FDC862 /* UIButton+WebCache.m */; };
		C20C4E9A1B610E6C00FDC862 /* UIImage+GIF.m in Sources */ = {isa = PBXBuildFile; fileRef = C20C4E841B610E6C00FDC862 /* UIImage+GIF.m */; };
		C20C4E9B1B610E6C00FDC862 /* UIImage+MultiFormat.m in Sources */ = {isa = PBXBuildFile; fileRef = C20C4E861B610E6C00FDC862 /* UIImage+MultiFormat.m */; };
		C20C4E9C1B610E6C00FDC862 /* UIImage+WebP.m in Sources */ = {isa = PBXBuildFile; fileRef = C20C4E881B610E6C00FDC862 /* UIImage+WebP.m */; };
		C20C4E9D1B610E6C00FDC862 /* UIImageView+HighlightedWebCache.m in Sources */ = {isa = PBXBuildFile; fileRef = C20C4E8A1B610E6C00FDC862 /* UIImageView+HighlightedWebCache.m */; };
		C20C4E9E1B610E6C00FDC862 /* UIImageView+WebCache.m in Sources */ = {isa = PBXBuildFile; fileRef = C20C4E8C1B610E6C00FDC862 /* UIImageView+WebCache.m */; };
		C20C4E9F1B610E6C00FDC862 /* UIView+WebCacheOperation.m in Sources */ = {isa = PBXBuildFile; fileRef = C20C4E8E1B610E6C00FDC862 /* UIView+WebCacheOperation.m */; };
		C20C4EA21B610EB600FDC862 /* ImagesCollectionViewController.m in Sources */ = {isa = PBXBuildFile; fileRef = C20C4EA11B610EB600FDC862 /* ImagesCollectionViewController.m */; };
		C20C4EA51B610EF000FDC862 /* UserDefinedCollectionViewCell.m in Sources */ = {isa = PBXBuildFile; fileRef = C20C4EA41B610EF000FDC862 /* UserDefinedCollectionViewCell.m */; };
/* End PBXBuildFile section */

/* Begin PBXContainerItemProxy section */
		C20C4E5C1B610E4C00FDC862 /* PBXContainerItemProxy */ = {
			isa = PBXContainerItemProxy;
			containerPortal = C20C4E3A1B610E4B00FDC862 /* Project object */;
			proxyType = 1;
			remoteGlobalIDString = C20C4E411B610E4B00FDC862;
			remoteInfo = "瀑布流";
		};
/* End PBXContainerItemProxy section */

/* Begin PBXFileReference section */
		C20C4E421B610E4B00FDC862 /* 瀑布流.app */ = {isa = PBXFileReference; explicitFileType = wrapper.application; includeInIndex = 0; path = "瀑布流.app"; sourceTree = BUILT_PRODUCTS_DIR; };
		C20C4E461B610E4C00FDC862 /* Info.plist */ = {isa = PBXFileReference; lastKnownFileType = text.plist.xml; path = Info.plist; sourceTree = "<group>"; };
		C20C4E471B610E4C00FDC862 /* main.m */ = {isa = PBXFileReference; lastKnownFileType = sourcecode.c.objc; path = main.m; sourceTree = "<group>"; };
		C20C4E491B610E4C00FDC862 /* AppDelegate.h */ = {isa = PBXFileReference; lastKnownFileType = sourcecode.c.h; path = AppDelegate.h; sourceTree = "<group>"; };
		C20C4E4A1B610E4C00FDC862 /* AppDelegate.m */ = {isa = PBXFileReference; lastKnownFileType = sourcecode.c.objc; path = AppDelegate.m; sourceTree = "<group>"; };
		C20C4E521B610E4C00FDC862 /* Images.xcassets */ = {isa = PBXFileReference; lastKnownFileType = folder.assetcatalog; path = Images.xcassets; sourceTree = "<group>"; };
		C20C4E551B610E4C00FDC862 /* Base */ = {isa = PBXFileReference; lastKnownFileType = file.xib; name = Base; path = Base.lproj/LaunchScreen.xib; sourceTree = "<group>"; };
		C20C4E5B1B610E4C00FDC862 /* 瀑布流Tests.xctest */ = {isa = PBXFileReference; explicitFileType = wrapper.cfbundle; includeInIndex = 0; path = "瀑布流Tests.xctest"; sourceTree = BUILT_PRODUCTS_DIR; };
		C20C4E601B610E4C00FDC862 /* Info.plist */ = {isa = PBXFileReference; lastKnownFileType = text.plist.xml; path = Info.plist; sourceTree = "<group>"; };
		C20C4E611B610E4C00FDC862 /* ___Tests.m */ = {isa = PBXFileReference; lastKnownFileType = sourcecode.c.objc; path = "___Tests.m"; sourceTree = "<group>"; };
		C20C4E6C1B610E6C00FDC862 /* Data.json */ = {isa = PBXFileReference; fileEncoding = 4; lastKnownFileType = text.json; path = Data.json; sourceTree = "<group>"; };
		C20C4E6E1B610E6C00FDC862 /* MKAnnotationView+WebCache.h */ = {isa = PBXFileReference; fileEncoding = 4; lastKnownFileType = sourcecode.c.h; path = "MKAnnotationView+WebCache.h"; sourceTree = "<group>"; };
		C20C4E6F1B610E6C00FDC862 /* MKAnnotationView+WebCache.m */ = {isa = PBXFileReference; fileEncoding = 4; lastKnownFileType = sourcecode.c.objc; path = "MKAnnotationView+WebCache.m"; sourceTree = "<group>"; };
		C20C4E701B610E6C00FDC862 /* NSData+ImageContentType.h */ = {isa = PBXFileReference; fileEncoding = 4; lastKnownFileType = sourcecode.c.h; path = "NSData+ImageContentType.h"; sourceTree = "<group>"; };
		C20C4E711B610E6C00FDC862 /* NSData+ImageContentType.m */ = {isa = PBXFileReference; fileEncoding = 4; lastKnownFileType = sourcecode.c.objc; path = "NSData+ImageContentType.m"; sourceTree = "<group>"; };
		C20C4E721B610E6C00FDC862 /* SDImageCache.h */ = {isa = PBXFileReference; fileEncoding = 4; lastKnownFileType = sourcecode.c.h; path = SDImageCache.h; sourceTree = "<group>"; };
		C20C4E731B610E6C00FDC862 /* SDImageCache.m */ = {isa = PBXFileReference; fileEncoding = 4; lastKnownFileType = sourcecode.c.objc; path = SDImageCache.m; sourceTree = "<group>"; };
		C20C4E741B610E6C00FDC862 /* SDWebImageCompat.h */ = {isa = PBXFileReference; fileEncoding = 4; lastKnownFileType = sourcecode.c.h; path = SDWebImageCompat.h; sourceTree = "<group>"; };
		C20C4E751B610E6C00FDC862 /* SDWebImageCompat.m */ = {isa = PBXFileReference; fileEncoding = 4; lastKnownFileType = sourcecode.c.objc; path = SDWebImageCompat.m; sourceTree = "<group>"; };
		C20C4E761B610E6C00FDC862 /* SDWebImageDecoder.h */ = {isa = PBXFileReference; fileEncoding = 4; lastKnownFileType = sourcecode.c.h; path = SDWebImageDecoder.h; sourceTree = "<group>"; };
		C20C4E771B610E6C00FDC862 /* SDWebImageDecoder.m */ = {isa = PBXFileReference; fileEncoding = 4; lastKnownFileType = sourcecode.c.objc; path = SDWebImageDecoder.m; sourceTree = "<group>"; };
		C20C4E781B610E6C00FDC862 /* SDWebImageDownloader.h */ = {isa = PBXFileReference; fileEncoding = 4; lastKnownFileType = sourcecode.c.h; path = SDWebImageDownloader.h; sourceTree = "<group>"; };
		C20C4E791B610E6C00FDC862 /* SDWebImageDownloader.m */ = {isa = PBXFileReference; fileEncoding = 4; lastKnownFileType = sourcecode.c.objc; path = SDWebImageDownloader.m; sourceTree = "<group>"; };
		C20C4E7A1B610E6C00FDC862 /* SDWebImageDownloaderOperation.h */ = {isa = PBXFileReference; fileEncoding = 4; lastKnownFileType = sourcecode.c.h; path = SDWebImageDownloaderOperation.h; sourceTree = "<group>"; };
		C20C4E7B1B610E6C00FDC862 /* SDWebImageDownloaderOperation.m */ = {isa = PBXFileReference; fileEncoding = 4; lastKnownFileType = sourcecode.c.objc; path = SDWebImageDownloaderOperation.m; sourceTree = "<group>"; };
		C20C4E7C1B610E6C00FDC862 /* SDWebImageManager.h */ = {isa = PBXFileReference; fileEncoding = 4; lastKnownFileType = sourcecode.c.h; path = SDWebImageManager.h; sourceTree = "<group>"; };
		C20C4E7D1B610E6C00FDC862 /* SDWebImageManager.m */ = {isa = PBXFileReference; fileEncoding = 4; lastKnownFileType = sourcecode.c.objc; path = SDWebImageManager.m; sourceTree = "<group>"; };
		C20C4E7E1B610E6C00FDC862 /* SDWebImageOperation.h */ = {isa = PBXFileReference; fileEncoding = 4; lastKnownFileType = sourcecode.c.h; path = SDWebImageOperation.h; sourceTree = "<group>"; };
		C20C4E7F1B610E6C00FDC862 /* SDWebImagePrefetcher.h */ = {isa = PBXFileReference; fileEncoding = 4; lastKnownFileType = sourcecode.c.h; path = SDWebImagePrefetcher.h; sourceTree = "<group>"; };
		C20C4E801B610E6C00FDC862 /* SDWebImagePrefetcher.m */ = {isa = PBXFileReference; fileEncoding = 4; lastKnownFileType = sourcecode.c.objc; path = SDWebImagePrefetcher.m; sourceTree = "<group>"; };
		C20C4E811B610E6C00FDC862 /* UIButton+WebCache.h */ = {isa = PBXFileReference; fileEncoding = 4; lastKnownFileType = sourcecode.c.h; path = "UIButton+WebCache.h"; sourceTree = "<group>"; };
		C20C4E821B610E6C00FDC862 /* UIButton+WebCache.m */ = {isa = PBXFileReference; fileEncoding = 4; lastKnownFileType = sourcecode.c.objc; path = "UIButton+WebCache.m"; sourceTree = "<group>"; };
		C20C4E831B610E6C00FDC862 /* UIImage+GIF.h */ = {isa = PBXFileReference; fileEncoding = 4; lastKnownFileType = sourcecode.c.h; path = "UIImage+GIF.h"; sourceTree = "<group>"; };
		C20C4E841B610E6C00FDC862 /* UIImage+GIF.m */ = {isa = PBXFileReference; fileEncoding = 4; lastKnownFileType = sourcecode.c.objc; path = "UIImage+GIF.m"; sourceTree = "<group>"; };
		C20C4E851B610E6C00FDC862 /* UIImage+MultiFormat.h */ = {isa = PBXFileReference; fileEncoding = 4; lastKnownFileType = sourcecode.c.h; path = "UIImage+MultiFormat.h"; sourceTree = "<group>"; };
		C20C4E861B610E6C00FDC862 /* UIImage+MultiFormat.m */ = {isa = PBXFileReference; fileEncoding = 4; lastKnownFileType = sourcecode.c.objc; path = "UIImage+MultiFormat.m"; sourceTree = "<group>"; };
		C20C4E871B610E6C00FDC862 /* UIImage+WebP.h */ = {isa = PBXFileReference; fileEncoding = 4; lastKnownFileType = sourcecode.c.h; path = "UIImage+WebP.h"; sourceTree = "<group>"; };
		C20C4E881B610E6C00FDC862 /* UIImage+WebP.m */ = {isa = PBXFileReference; fileEncoding = 4; lastKnownFileType = sourcecode.c.objc; path = "UIImage+WebP.m"; sourceTree = "<group>"; };
		C20C4E891B610E6C00FDC862 /* UIImageView+HighlightedWebCache.h */ = {isa = PBXFileReference; fileEncoding = 4; lastKnownFileType = sourcecode.c.h; path = "UIImageView+HighlightedWebCache.h"; sourceTree = "<group>"; };
		C20C4E8A1B610E6C00FDC862 /* UIImageView+HighlightedWebCache.m */ = {isa = PBXFileReference; fileEncoding = 4; lastKnownFileType = sourcecode.c.objc; path = "UIImageView+HighlightedWebCache.m"; sourceTree = "<group>"; };
		C20C4E8B1B610E6C00FDC862 /* UIImageView+WebCache.h */ = {isa = PBXFileReference; fileEncoding = 4; lastKnownFileType = sourcecode.c.h; path = "UIImageView+WebCache.h"; sourceTree = "<group>"; };
		C20C4E8C1B610E6C00FDC862 /* UIImageView+WebCache.m */ = {isa = PBXFileReference; fileEncoding = 4; lastKnownFileType = sourcecode.c.objc; path = "UIImageView+WebCache.m"; sourceTree = "<group>"; };
		C20C4E8D1B610E6C00FDC862 /* UIView+WebCacheOperation.h */ = {isa = PBXFileReference; fileEncoding = 4; lastKnownFileType = sourcecode.c.h; path = "UIView+WebCacheOperation.h"; sourceTree = "<group>"; };
		C20C4E8E1B610E6C00FDC862 /* UIView+WebCacheOperation.m */ = {isa = PBXFileReference; fileEncoding = 4; lastKnownFileType = sourcecode.c.objc; path = "UIView+WebCacheOperation.m"; sourceTree = "<group>"; };
		C20C4EA01B610EB600FDC862 /* ImagesCollectionViewController.h */ = {isa = PBXFileReference; fileEncoding = 4; lastKnownFileType = sourcecode.c.h; path = ImagesCollectionViewController.h; sourceTree = "<group>"; };
		C20C4EA11B610EB600FDC862 /* ImagesCollectionViewController.m */ = {isa = PBXFileReference; fileEncoding = 4; lastKnownFileType = sourcecode.c.objc; path = ImagesCollectionViewController.m; sourceTree = "<group>"; };
		C20C4EA31B610EF000FDC862 /* UserDefinedCollectionViewCell.h */ = {isa = PBXFileReference; fileEncoding = 4; lastKnownFileType = sourcecode.c.h; path = UserDefinedCollectionViewCell.h; sourceTree = "<group>"; };
		C20C4EA41B610EF000FDC862 /* UserDefinedCollectionViewCell.m */ = {isa = PBXFileReference; fileEncoding = 4; lastKnownFileType = sourcecode.c.objc; path = UserDefinedCollectionViewCell.m; sourceTree = "<group>"; };
/* End PBXFileReference section */

/* Begin PBXFrameworksBuildPhase section */
		C20C4E3F1B610E4B00FDC862 /* Frameworks */ = {
			isa = PBXFrameworksBuildPhase;
			buildActionMask = 2147483647;
			files = (
			);
			runOnlyForDeploymentPostprocessing = 0;
		};
		C20C4E581B610E4C00FDC862 /* Frameworks */ = {
			isa = PBXFrameworksBuildPhase;
			buildActionMask = 2147483647;
			files = (
			);
			runOnlyForDeploymentPostprocessing = 0;
		};
/* End PBXFrameworksBuildPhase section */

/* Begin PBXGroup section */
		C20C4E391B610E4B00FDC862 = {
			isa = PBXGroup;
			children = (
				C20C4E6B1B610E6C00FDC862 /* collectionView资源 */,
				C20C4E441B610E4B00FDC862 /* 瀑布流 */,
				C20C4E5E1B610E4C00FDC862 /* 瀑布流Tests */,
				C20C4E431B610E4B00FDC862 /* Products */,
			);
			sourceTree = "<group>";
		};
		C20C4E431B610E4B00FDC862 /* Products */ = {
			isa = PBXGroup;
			children = (
				C20C4E421B610E4B00FDC862 /* 瀑布流.app */,
				C20C4E5B1B610E4C00FDC862 /* 瀑布流Tests.xctest */,
			);
			name = Products;
			sourceTree = "<group>";
		};
		C20C4E441B610E4B00FDC862 /* 瀑布流 */ = {
			isa = PBXGroup;
			children = (
				C20C4E491B610E4C00FDC862 /* AppDelegate.h */,
				C20C4E4A1B610E4C00FDC862 /* AppDelegate.m */,
				C20C4EA01B610EB600FDC862 /* ImagesCollectionViewController.h */,
				C20C4EA11B610EB600FDC862 /* ImagesCollectionViewController.m */,
				C20C4EA31B610EF000FDC862 /* UserDefinedCollectionViewCell.h */,
				C20C4EA41B610EF000FDC862 /* UserDefinedCollectionViewCell.m */,
				C20C4E451B610E4B00FDC862 /* Supporting Files */,
			);
			path = "瀑布流";
			sourceTree = "<group>";
		};
		C20C4E451B610E4B00FDC862 /* Supporting Files */ = {
			isa = PBXGroup;
			children = (
				C20C4E521B610E4C00FDC862 /* Images.xcassets */,
				C20C4E541B610E4C00FDC862 /* LaunchScreen.xib */,
				C20C4E461B610E4C00FDC862 /* Info.plist */,
				C20C4E471B610E4C00FDC862 /* main.m */,
			);
			name = "Supporting Files";
			sourceTree = "<group>";
		};
		C20C4E5E1B610E4C00FDC862 /* 瀑布流Tests */ = {
			isa = PBXGroup;
			children = (
				C20C4E611B610E4C00FDC862 /* ___Tests.m */,
				C20C4E5F1B610E4C00FDC862 /* Supporting Files */,
			);
			path = "瀑布流Tests";
			sourceTree = "<group>";
		};
		C20C4E5F1B610E4C00FDC862 /* Supporting Files */ = {
			isa = PBXGroup;
			children = (
				C20C4E601B610E4C00FDC862 /* Info.plist */,
			);
			name = "Supporting Files";
			sourceTree = "<group>";
		};
		C20C4E6B1B610E6C00FDC862 /* collectionView资源 */ = {
			isa = PBXGroup;
			children = (
				C20C4E6C1B610E6C00FDC862 /* Data.json */,
				C20C4E6D1B610E6C00FDC862 /* SDWebImage */,
			);
			name = "collectionView资源";
			path = "瀑布流/collectionView资源";
			sourceTree = "<group>";
		};
		C20C4E6D1B610E6C00FDC862 /* SDWebImage */ = {
			isa = PBXGroup;
			children = (
				C20C4E6E1B610E6C00FDC862 /* MKAnnotationView+WebCache.h */,
				C20C4E6F1B610E6C00FDC862 /* MKAnnotationView+WebCache.m */,
				C20C4E701B610E6C00FDC862 /* NSData+ImageContentType.h */,
				C20C4E711B610E6C00FDC862 /* NSData+ImageContentType.m */,
				C20C4E721B610E6C00FDC862 /* SDImageCache.h */,
				C20C4E731B610E6C00FDC862 /* SDImageCache.m */,
				C20C4E741B610E6C00FDC862 /* SDWebImageCompat.h */,
				C20C4E751B610E6C00FDC862 /* SDWebImageCompat.m */,
				C20C4E761B610E6C00FDC862 /* SDWebImageDecoder.h */,
				C20C4E771B610E6C00FDC862 /* SDWebImageDecoder.m */,
				C20C4E781B610E6C00FDC862 /* SDWebImageDownloader.h */,
				C20C4E791B610E6C00FDC862 /* SDWebImageDownloader.m */,
				C20C4E7A1B610E6C00FDC862 /* SDWebImageDownloaderOperation.h */,
				C20C4E7B1B610E6C00FDC862 /* SDWebImageDownloaderOperation.m */,
				C20C4E7C1B610E6C00FDC862 /* SDWebImageManager.h */,
				C20C4E7D1B610E6C00FDC862 /* SDWebImageManager.m */,
				C20C4E7E1B610E6C00FDC862 /* SDWebImageOperation.h */,
				C20C4E7F1B610E6C00FDC862 /* SDWebImagePrefetcher.h */,
				C20C4E801B610E6C00FDC862 /* SDWebImagePrefetcher.m */,
				C20C4E811B610E6C00FDC862 /* UIButton+WebCache.h */,
				C20C4E821B610E6C00FDC862 /* UIButton+WebCache.m */,
				C20C4E831B610E6C00FDC862 /* UIImage+GIF.h */,
				C20C4E841B610E6C00FDC862 /* UIImage+GIF.m */,
				C20C4E851B610E6C00FDC862 /* UIImage+MultiFormat.h */,
				C20C4E861B610E6C00FDC862 /* UIImage+MultiFormat.m */,
				C20C4E871B610E6C00FDC862 /* UIImage+WebP.h */,
				C20C4E881B610E6C00FDC862 /* UIImage+WebP.m */,
				C20C4E891B610E6C00FDC862 /* UIImageView+HighlightedWebCache.h */,
				C20C4E8A1B610E6C00FDC862 /* UIImageView+HighlightedWebCache.m */,
				C20C4E8B1B610E6C00FDC862 /* UIImageView+WebCache.h */,
				C20C4E8C1B610E6C00FDC862 /* UIImageView+WebCache.m */,
				C20C4E8D1B610E6C00FDC862 /* UIView+WebCacheOperation.h */,
				C20C4E8E1B610E6C00FDC862 /* UIView+WebCacheOperation.m */,
			);
			path = SDWebImage;
			sourceTree = "<group>";
		};
/* End PBXGroup section */

/* Begin PBXNativeTarget section */
		C20C4E411B610E4B00FDC862 /* 瀑布流 */ = {
			isa = PBXNativeTarget;
			buildConfigurationList = C20C4E651B610E4C00FDC862 /* Build configuration list for PBXNativeTarget "瀑布流" */;
			buildPhases = (
				C20C4E3E1B610E4B00FDC862 /* Sources */,
				C20C4E3F1B610E4B00FDC862 /* Frameworks */,
				C20C4E401B610E4B00FDC862 /* Resources */,
			);
			buildRules = (
			);
			dependencies = (
			);
			name = "瀑布流";
			productName = "瀑布流";
			productReference = C20C4E421B610E4B00FDC862 /* 瀑布流.app */;
			productType = "com.apple.product-type.application";
		};
		C20C4E5A1B610E4C00FDC862 /* 瀑布流Tests */ = {
			isa = PBXNativeTarget;
			buildConfigurationList = C20C4E681B610E4C00FDC862 /* Build configuration list for PBXNativeTarget "瀑布流Tests" */;
			buildPhases = (
				C20C4E571B610E4C00FDC862 /* Sources */,
				C20C4E581B610E4C00FDC862 /* Frameworks */,
				C20C4E591B610E4C00FDC862 /* Resources */,
			);
			buildRules = (
			);
			dependencies = (
				C20C4E5D1B610E4C00FDC862 /* PBXTargetDependency */,
			);
			name = "瀑布流Tests";
			productName = "瀑布流Tests";
			productReference = C20C4E5B1B610E4C00FDC862 /* 瀑布流Tests.xctest */;
			productType = "com.apple.product-type.bundle.unit-test";
		};
/* End PBXNativeTarget section */

/* Begin PBXProject section */
		C20C4E3A1B610E4B00FDC862 /* Project object */ = {
			isa = PBXProject;
			attributes = {
				LastUpgradeCheck = 0600;
				ORGANIZATIONNAME = QSY;
				TargetAttributes = {
					C20C4E411B610E4B00FDC862 = {
						CreatedOnToolsVersion = 6.0.1;
					};
					C20C4E5A1B610E4C00FDC862 = {
						CreatedOnToolsVersion = 6.0.1;
						TestTargetID = C20C4E411B610E4B00FDC862;
					};
				};
			};
			buildConfigurationList = C20C4E3D1B610E4B00FDC862 /* Build configuration list for PBXProject "瀑布流" */;
			compatibilityVersion = "Xcode 3.2";
			developmentRegion = English;
			hasScannedForEncodings = 0;
			knownRegions = (
				en,
				Base,
			);
			mainGroup = C20C4E391B610E4B00FDC862;
			productRefGroup = C20C4E431B610E4B00FDC862 /* Products */;
			projectDirPath = "";
			projectRoot = "";
			targets = (
				C20C4E411B610E4B00FDC862 /* 瀑布流 */,
				C20C4E5A1B610E4C00FDC862 /* 瀑布流Tests */,
			);
		};
/* End PBXProject section */

/* Begin PBXResourcesBuildPhase section */
		C20C4E401B610E4B00FDC862 /* Resources */ = {
			isa = PBXResourcesBuildPhase;
			buildActionMask = 2147483647;
			files = (
				C20C4E561B610E4C00FDC862 /* LaunchScreen.xib in Resources */,
				C20C4E531B610E4C00FDC862 /* Images.xcassets in Resources */,
				C20C4E8F1B610E6C00FDC862 /* Data.json in Resources */,
			);
			runOnlyForDeploymentPostprocessing = 0;
		};
		C20C4E591B610E4C00FDC862 /* Resources */ = {
			isa = PBXResourcesBuildPhase;
			buildActionMask = 2147483647;
			files = (
			);
			runOnlyForDeploymentPostprocessing = 0;
		};
/* End PBXResourcesBuildPhase section */

/* Begin PBXSourcesBuildPhase section */
		C20C4E3E1B610E4B00FDC862 /* Sources */ = {
			isa = PBXSourcesBuildPhase;
			buildActionMask = 2147483647;
			files = (
				C20C4E9D1B610E6C00FDC862 /* UIImageView+HighlightedWebCache.m in Sources */,
				C20C4E911B610E6C00FDC862 /* NSData+ImageContentType.m in Sources */,
				C20C4EA21B610EB600FDC862 /* ImagesCollectionViewController.m in Sources */,
				C20C4E971B610E6C00FDC862 /* SDWebImageManager.m in Sources */,
				C20C4E951B610E6C00FDC862 /* SDWebImageDownloader.m in Sources */,
				C20C4E9C1B610E6C00FDC862 /* UIImage+WebP.m in Sources */,
				C20C4E9F1B610E6C00FDC862 /* UIView+WebCacheOperation.m in Sources */,
				C20C4E921B610E6C00FDC862 /* SDImageCache.m in Sources */,
				C20C4E901B610E6C00FDC862 /* MKAnnotationView+WebCache.m in Sources */,
				C20C4E941B610E6C00FDC862 /* SDWebImageDecoder.m in Sources */,
				C20C4E9B1B610E6C00FDC862 /* UIImage+MultiFormat.m in Sources */,
				C20C4E961B610E6C00FDC862 /* SDWebImageDownloaderOperation.m in Sources */,
				C20C4E4B1B610E4C00FDC862 /* AppDelegate.m in Sources */,
				C20C4E991B610E6C00FDC862 /* UIButton+WebCache.m in Sources */,
				C20C4E981B610E6C00FDC862 /* SDWebImagePrefetcher.m in Sources */,
				C20C4EA51B610EF000FDC862 /* UserDefinedCollectionViewCell.m in Sources */,
				C20C4E9E1B610E6C00FDC862 /* UIImageView+WebCache.m in Sources */,
				C20C4E931B610E6C00FDC862 /* SDWebImageCompat.m in Sources */,
				C20C4E9A1B610E6C00FDC862 /* UIImage+GIF.m in Sources */,
				C20C4E481B610E4C00FDC862 /* main.m in Sources */,
			);
			runOnlyForDeploymentPostprocessing = 0;
		};
		C20C4E571B610E4C00FDC862 /* Sources */ = {
			isa = PBXSourcesBuildPhase;
			buildActionMask = 2147483647;
			files = (
				C20C4E621B610E4C00FDC862 /* ___Tests.m in Sources */,
			);
			runOnlyForDeploymentPostprocessing = 0;
		};
/* End PBXSourcesBuildPhase section */

/* Begin PBXTargetDependency section */
		C20C4E5D1B610E4C00FDC862 /* PBXTargetDependency */ = {
			isa = PBXTargetDependency;
			target = C20C4E411B610E4B00FDC862 /* 瀑布流 */;
			targetProxy = C20C4E5C1B610E4C00FDC862 /* PBXContainerItemProxy */;
		};
/* End PBXTargetDependency section */

/* Begin PBXVariantGroup section */
		C20C4E541B610E4C00FDC862 /* LaunchScreen.xib */ = {
			isa = PBXVariantGroup;
			children = (
				C20C4E551B610E4C00FDC862 /* Base */,
			);
			name = LaunchScreen.xib;
			sourceTree = "<group>";
		};
/* End PBXVariantGroup section */

/* Begin XCBuildConfiguration section */
		C20C4E631B610E4C00FDC862 /* Debug */ = {
			isa = XCBuildConfiguration;
			buildSettings = {
				ALWAYS_SEARCH_USER_PATHS = NO;
				CLANG_CXX_LANGUAGE_STANDARD = "gnu++0x";
				CLANG_CXX_LIBRARY = "libc++";
				CLANG_ENABLE_MODULES = YES;
				CLANG_ENABLE_OBJC_ARC = YES;
				CLANG_WARN_BOOL_CONVERSION = YES;
				CLANG_WARN_CONSTANT_CONVERSION = YES;
				CLANG_WARN_DIRECT_OBJC_ISA_USAGE = YES_ERROR;
				CLANG_WARN_EMPTY_BODY = YES;
				CLANG_WARN_ENUM_CONVERSION = YES;
				CLANG_WARN_INT_CONVERSION = YES;
				CLANG_WARN_OBJC_ROOT_CLASS = YES_ERROR;
				CLANG_WARN_UNREACHABLE_CODE = YES;
				CLANG_WARN__DUPLICATE_METHOD_MATCH = YES;
				"CODE_SIGN_IDENTITY[sdk=iphoneos*]" = "iPhone Developer";
				COPY_PHASE_STRIP = NO;
				ENABLE_STRICT_OBJC_MSGSEND = YES;
				GCC_C_LANGUAGE_STANDARD = gnu99;
				GCC_DYNAMIC_NO_PIC = NO;
				GCC_OPTIMIZATION_LEVEL = 0;
				GCC_PREPROCESSOR_DEFINITIONS = (
					"DEBUG=1",
					"$(inherited)",
				);
				GCC_SYMBOLS_PRIVATE_EXTERN = NO;
				GCC_WARN_64_TO_32_BIT_CONVERSION = YES;
				GCC_WARN_ABOUT_RETURN_TYPE = YES_ERROR;
				GCC_WARN_UNDECLARED_SELECTOR = YES;
				GCC_WARN_UNINITIALIZED_AUTOS = YES_AGGRESSIVE;
				GCC_WARN_UNUSED_FUNCTION = YES;
				GCC_WARN_UNUSED_VARIABLE = YES;
				IPHONEOS_DEPLOYMENT_TARGET = 8.0;
				MTL_ENABLE_DEBUG_INFO = YES;
				ONLY_ACTIVE_ARCH = YES;
				SDKROOT = iphoneos;
				TARGETED_DEVICE_FAMILY = "1,2";
			};
			name = Debug;
		};
		C20C4E641B610E4C00FDC862 /* Release */ = {
			isa = XCBuildConfiguration;
			buildSettings = {
				ALWAYS_SEARCH_USER_PATHS = NO;
				CLANG_CXX_LANGUAGE_STANDARD = "gnu++0x";
				CLANG_CXX_LIBRARY = "libc++";
				CLANG_ENABLE_MODULES = YES;
				CLANG_ENABLE_OBJC_ARC = YES;
				CLANG_WARN_BOOL_CONVERSION = YES;
				CLANG_WARN_CONSTANT_CONVERSION = YES;
				CLANG_WARN_DIRECT_OBJC_ISA_USAGE = YES_ERROR;
				CLANG_WARN_EMPTY_BODY = YES;
				CLANG_WARN_ENUM_CONVERSION = YES;
				CLANG_WARN_INT_CONVERSION = YES;
				CLANG_WARN_OBJC_ROOT_CLASS = YES_ERROR;
				CLANG_WARN_UNREACHABLE_CODE = YES;
				CLANG_WARN__DUPLICATE_METHOD_MATCH = YES;
				"CODE_SIGN_IDENTITY[sdk=iphoneos*]" = "iPhone Developer";
				COPY_PHASE_STRIP = YES;
				ENABLE_NS_ASSERTIONS = NO;
				ENABLE_STRICT_OBJC_MSGSEND = YES;
				GCC_C_LANGUAGE_STANDARD = gnu99;
				GCC_WARN_64_TO_32_BIT_CONVERSION = YES;
				GCC_WARN_ABOUT_RETURN_TYPE = YES_ERROR;
				GCC_WARN_UNDECLARED_SELECTOR = YES;
				GCC_WARN_UNINITIALIZED_AUTOS = YES_AGGRESSIVE;
				GCC_WARN_UNUSED_FUNCTION = YES;
				GCC_WARN_UNUSED_VARIABLE = YES;
				IPHONEOS_DEPLOYMENT_TARGET = 8.0;
				MTL_ENABLE_DEBUG_INFO = NO;
				SDKROOT = iphoneos;
				TARGETED_DEVICE_FAMILY = "1,2";
				VALIDATE_PRODUCT = YES;
			};
			name = Release;
		};
		C20C4E661B610E4C00FDC862 /* Debug */ = {
			isa = XCBuildConfiguration;
			buildSettings = {
				ASSETCATALOG_COMPILER_APPICON_NAME = AppIcon;
				INFOPLIST_FILE = "瀑布流/Info.plist";
				LD_RUNPATH_SEARCH_PATHS = "$(inherited) @executable_path/Frameworks";
				PRODUCT_NAME = "$(TARGET_NAME)";
				TARGETED_DEVICE_FAMILY = 1;
			};
			name = Debug;
		};
		C20C4E671B610E4C00FDC862 /* Release */ = {
			isa = XCBuildConfiguration;
			buildSettings = {
				ASSETCATALOG_COMPILER_APPICON_NAME = AppIcon;
				INFOPLIST_FILE = "瀑布流/Info.plist";
				LD_RUNPATH_SEARCH_PATHS = "$(inherited) @executable_path/Frameworks";
				PRODUCT_NAME = "$(TARGET_NAME)";
				TARGETED_DEVICE_FAMILY = 1;
			};
			name = Release;
		};
		C20C4E691B610E4C00FDC862 /* Debug */ = {
			isa = XCBuildConfiguration;
			buildSettings = {
				BUNDLE_LOADER = "$(TEST_HOST)";
				FRAMEWORK_SEARCH_PATHS = (
					"$(SDKROOT)/Developer/Library/Frameworks",
					"$(inherited)",
				);
				GCC_PREPROCESSOR_DEFINITIONS = (
					"DEBUG=1",
					"$(inherited)",
				);
				INFOPLIST_FILE = "瀑布流Tests/Info.plist";
				LD_RUNPATH_SEARCH_PATHS = "$(inherited) @executable_path/Frameworks @loader_path/Frameworks";
				PRODUCT_NAME = "$(TARGET_NAME)";
				TEST_HOST = "$(BUILT_PRODUCTS_DIR)/瀑布流.app/瀑布流";
			};
			name = Debug;
		};
		C20C4E6A1B610E4C00FDC862 /* Release */ = {
			isa = XCBuildConfiguration;
			buildSettings = {
				BUNDLE_LOADER = "$(TEST_HOST)";
				FRAMEWORK_SEARCH_PATHS = (
					"$(SDKROOT)/Developer/Library/Frameworks",
					"$(inherited)",
				);
				INFOPLIST_FILE = "瀑布流Tests/Info.plist";
				LD_RUNPATH_SEARCH_PATHS = "$(inherited) @executable_path/Frameworks @loader_path/Frameworks";
				PRODUCT_NAME = "$(TARGET_NAME)";
				TEST_HOST = "$(BUILT_PRODUCTS_DIR)/瀑布流.app/瀑布流";
			};
			name = Release;
		};
/* End XCBuildConfiguration section */

/* Begin XCConfigurationList section */
		C20C4E3D1B610E4B00FDC862 /* Build configuration list for PBXProject "瀑布流" */ = {
			isa = XCConfigurationList;
			buildConfigurations = (
				C20C4E631B610E4C00FDC862 /* Debug */,
				C20C4E641B610E4C00FDC862 /* Release */,
			);
			defaultConfigurationIsVisible = 0;
			defaultConfigurationName = Release;
		};
		C20C4E651B610E4C00FDC862 /* Build configuration list for PBXNativeTarget "瀑布流" */ = {
			isa = XCConfigurationList;
			buildConfigurations = (
				C20C4E661B610E4C00FDC862 /* Debug */,
				C20C4E671B610E4C00FDC862 /* Release */,
			);
			defaultConfigurationIsVisible = 0;
			defaultConfigurationName = Release;
		};
		C20C4E681B610E4C00FDC862 /* Build configuration list for PBXNativeTarget "瀑布流Tests" */ = {
			isa = XCConfigurationList;
			buildConfigurations = (
				C20C4E691B610E4C00FDC862 /* Debug */,
				C20C4E6A1B610E4C00FDC862 /* Release */,
			);
			defaultConfigurationIsVisible = 0;
			defaultConfigurationName = Release;
		};
/* End XCConfigurationList section */
	};
	rootObject = C20C4E3A1B610E4B00FDC862 /* Project object */;
}
